student_04_38e997d2a6d0@cloudshell:~ (qwiklabs-gcp-00-be900804ba79)$ terraform import 'module.instances_module.google_compute_instance.gce_instances["tf-instance-1"]' qwiklabs-gcp-00-be900804ba79/us-east1-d/tf-instance-1
module.instances_module.google_compute_instance.gce_instances["tf-instance-1"]: Importing from ID "qwiklabs-gcp-00-be900804ba79/us-east1-d/tf-instance-1"...
module.instances_module.google_compute_instance.gce_instances["tf-instance-1"]: Import prepared!
  Prepared google_compute_instance for import
module.instances_module.google_compute_instance.gce_instances["tf-instance-1"]: Refreshing state... [id=projects/qwiklabs-gcp-00-be900804ba79/zones/us-east1-d/instances/tf-instance-1]

Import successful!

The resources that were imported are shown above. These resources are now in
your Terraform state and will henceforth be managed by Terraform.

student_04_38e997d2a6d0@cloudshell:~ (qwiklabs-gcp-00-be900804ba79)$ terraform show
# module.instances_module.google_compute_instance.gce_instances["tf-instance-1"]:
resource "google_compute_instance" "gce_instances" {
    can_ip_forward          = false
    cpu_platform            = "AMD Rome"
    deletion_protection     = false
    enable_display          = false
    guest_accelerator       = []
    id                      = "projects/qwiklabs-gcp-00-be900804ba79/zones/us-east1-d/instances/tf-instance-1"
    instance_id             = "8200377324693901409"
    label_fingerprint       = "42WmSpB8rSM="
    labels                  = {}
    machine_type            = "e2-micro"
    metadata                = {}
    metadata_fingerprint    = "-akSSZXwugM="
    metadata_startup_script = <<-EOT
        #!/bin/bash
    EOT
    name                    = "tf-instance-1"
    project                 = "qwiklabs-gcp-00-be900804ba79"
    self_link               = "https://www.googleapis.com/compute/v1/projects/qwiklabs-gcp-00-be900804ba79/zones/us-east1-d/instances/tf-instance-1"
    tags                    = []
    tags_fingerprint        = "42WmSpB8rSM="
    zone                    = "us-east1-d"

    boot_disk {
        auto_delete = true
        device_name = "persistent-disk-0"
        mode        = "READ_WRITE"
        source      = "https://www.googleapis.com/compute/v1/projects/qwiklabs-gcp-00-be900804ba79/zones/us-east1-d/disks/tf-instance-1"

        initialize_params {
            image  = "https://www.googleapis.com/compute/v1/projects/debian-cloud/global/images/debian-11-bullseye-v20250415"
            labels = {}
            size   = 10
            type   = "pd-standard"
        }
    }

    network_interface {
        name               = "nic0"
        network            = "https://www.googleapis.com/compute/v1/projects/qwiklabs-gcp-00-be900804ba79/global/networks/default"
        network_ip         = "10.142.0.2"
        subnetwork         = "https://www.googleapis.com/compute/v1/projects/qwiklabs-gcp-00-be900804ba79/regions/us-east1/subnetworks/default"
        subnetwork_project = "qwiklabs-gcp-00-be900804ba79"
    }

    scheduling {
        automatic_restart   = true
        on_host_maintenance = "MIGRATE"
        preemptible         = false
    }

    shielded_instance_config {
        enable_integrity_monitoring = true
        enable_secure_boot          = false
        enable_vtpm                 = true
    }

    timeouts {}
}
student_04_38e997d2a6d0@cloudshell:~ (qwiklabs-gcp-00-be900804ba79)$ cat modules/instances/instances.tf 
resource "google_compute_instance" "gce_instances" {
  for_each = toset(["tf-instance-1", "tf-instance-2"])
  # ✅
  name         = each.value
  # ✅
  machine_type = "n2-standard-2"
  zone         = "us-east1-d"

  tags = ["foo", "bar"]

  # ✅
  boot_disk {
    initialize_params {
      image = "debian-cloud/debian-11"
      labels = {
        my_label = "value"
      }
    }
  }

    # ✅
  network_interface {
    network = "default"

    access_config {
      // Ephemeral public IP
    }
  }

#   metadata = {
#     foo = "bar"
#   }
  # ✅
  metadata_startup_script = <<-EOT
          #!/bin/bash
      EOT

  # ✅
  allow_stopping_for_update = true
}
student_04_38e997d2a6d0@cloudshell:~ (qwiklabs-gcp-00-be900804ba79)$ terraform state list
module.instances_module.google_compute_instance.gce_instances["tf-instance-1"]
student_04_38e997d2a6d0@cloudshell:~ (qwiklabs-gcp-00-be900804ba79)$ terraform import 'module.instances_module.google_compute_instance.gce_instances["tf-instance-2"]' qwiklabs-gcp-00-be900804ba79/us-east1-d/tf-instance-2
module.instances_module.google_compute_instance.gce_instances["tf-instance-2"]: Importing from ID "qwiklabs-gcp-00-be900804ba79/us-east1-d/tf-instance-2"...
module.instances_module.google_compute_instance.gce_instances["tf-instance-2"]: Import prepared!
  Prepared google_compute_instance for import
module.instances_module.google_compute_instance.gce_instances["tf-instance-2"]: Refreshing state... [id=projects/qwiklabs-gcp-00-be900804ba79/zones/us-east1-d/instances/tf-instance-2]

Import successful!

The resources that were imported are shown above. These resources are now in
your Terraform state and will henceforth be managed by Terraform.

student_04_38e997d2a6d0@cloudshell:~ (qwiklabs-gcp-00-be900804ba79)$ terraform state list
module.instances_module.google_compute_instance.gce_instances["tf-instance-1"]
module.instances_module.google_compute_instance.gce_instances["tf-instance-2"]
student_04_38e997d2a6d0@cloudshell:~ (qwiklabs-gcp-00-be900804ba79)$ terraform show
# module.instances_module.google_compute_instance.gce_instances["tf-instance-1"]:
resource "google_compute_instance" "gce_instances" {
    can_ip_forward          = false
    cpu_platform            = "AMD Rome"
    deletion_protection     = false
    enable_display          = false
    guest_accelerator       = []
    id                      = "projects/qwiklabs-gcp-00-be900804ba79/zones/us-east1-d/instances/tf-instance-1"
    instance_id             = "8200377324693901409"
    label_fingerprint       = "42WmSpB8rSM="
    labels                  = {}
    machine_type            = "e2-micro"
    metadata                = {}
    metadata_fingerprint    = "-akSSZXwugM="
    metadata_startup_script = <<-EOT
        #!/bin/bash
    EOT
    name                    = "tf-instance-1"
    project                 = "qwiklabs-gcp-00-be900804ba79"
    self_link               = "https://www.googleapis.com/compute/v1/projects/qwiklabs-gcp-00-be900804ba79/zones/us-east1-d/instances/tf-instance-1"
    tags                    = []
    tags_fingerprint        = "42WmSpB8rSM="
    zone                    = "us-east1-d"

    boot_disk {
        auto_delete = true
        device_name = "persistent-disk-0"
        mode        = "READ_WRITE"
        source      = "https://www.googleapis.com/compute/v1/projects/qwiklabs-gcp-00-be900804ba79/zones/us-east1-d/disks/tf-instance-1"

        initialize_params {
            image  = "https://www.googleapis.com/compute/v1/projects/debian-cloud/global/images/debian-11-bullseye-v20250415"
            labels = {}
            size   = 10
            type   = "pd-standard"
        }
    }

    network_interface {
        name               = "nic0"
        network            = "https://www.googleapis.com/compute/v1/projects/qwiklabs-gcp-00-be900804ba79/global/networks/default"
        network_ip         = "10.142.0.2"
        subnetwork         = "https://www.googleapis.com/compute/v1/projects/qwiklabs-gcp-00-be900804ba79/regions/us-east1/subnetworks/default"
        subnetwork_project = "qwiklabs-gcp-00-be900804ba79"
    }

    scheduling {
        automatic_restart   = true
        on_host_maintenance = "MIGRATE"
        preemptible         = false
    }

    shielded_instance_config {
        enable_integrity_monitoring = true
        enable_secure_boot          = false
        enable_vtpm                 = true
    }

    timeouts {}
}

# module.instances_module.google_compute_instance.gce_instances["tf-instance-2"]:
resource "google_compute_instance" "gce_instances" {
    can_ip_forward          = false
    cpu_platform            = "Intel Broadwell"
    deletion_protection     = false
    enable_display          = false
    guest_accelerator       = []
    id                      = "projects/qwiklabs-gcp-00-be900804ba79/zones/us-east1-d/instances/tf-instance-2"
    instance_id             = "3890323706958598241"
    label_fingerprint       = "42WmSpB8rSM="
    labels                  = {}
    machine_type            = "e2-micro"
    metadata                = {}
    metadata_fingerprint    = "-akSSZXwugM="
    metadata_startup_script = <<-EOT
        #!/bin/bash
    EOT
    name                    = "tf-instance-2"
    project                 = "qwiklabs-gcp-00-be900804ba79"
    self_link               = "https://www.googleapis.com/compute/v1/projects/qwiklabs-gcp-00-be900804ba79/zones/us-east1-d/instances/tf-instance-2"
    tags                    = []
    tags_fingerprint        = "42WmSpB8rSM="
    zone                    = "us-east1-d"

    boot_disk {
        auto_delete = true
        device_name = "persistent-disk-0"
        mode        = "READ_WRITE"
        source      = "https://www.googleapis.com/compute/v1/projects/qwiklabs-gcp-00-be900804ba79/zones/us-east1-d/disks/tf-instance-2"

        initialize_params {
            image  = "https://www.googleapis.com/compute/v1/projects/debian-cloud/global/images/debian-11-bullseye-v20250415"
            labels = {}
            size   = 10
            type   = "pd-standard"
        }
    }

    network_interface {
        name               = "nic0"
        network            = "https://www.googleapis.com/compute/v1/projects/qwiklabs-gcp-00-be900804ba79/global/networks/default"
        network_ip         = "10.142.0.3"
        subnetwork         = "https://www.googleapis.com/compute/v1/projects/qwiklabs-gcp-00-be900804ba79/regions/us-east1/subnetworks/default"
        subnetwork_project = "qwiklabs-gcp-00-be900804ba79"
    }

    scheduling {
        automatic_restart   = true
        on_host_maintenance = "MIGRATE"
        preemptible         = false
    }

    shielded_instance_config {
        enable_integrity_monitoring = true
        enable_secure_boot          = false
        enable_vtpm                 = true
    }

    timeouts {}
}


student_04_38e997d2a6d0@cloudshell:~ (qwiklabs-gcp-00-be900804ba79)$ terraform plan
module.instances_module.google_compute_instance.gce_instances["tf-instance-2"]: Refreshing state... [id=projects/qwiklabs-gcp-00-be900804ba79/zones/us-east1-d/instances/tf-instance-2]
module.instances_module.google_compute_instance.gce_instances["tf-instance-1"]: Refreshing state... [id=projects/qwiklabs-gcp-00-be900804ba79/zones/us-east1-d/instances/tf-instance-1]

Terraform used the selected providers to generate the following execution plan. Resource actions are indicated with the following symbols:
-/+ destroy and then create replacement

Terraform will perform the following actions:

  # module.instances_module.google_compute_instance.gce_instances["tf-instance-1"] must be replaced
-/+ resource "google_compute_instance" "gce_instances" {
      + allow_stopping_for_update = true
      ~ cpu_platform              = "AMD Rome" -> (known after apply)
      - enable_display            = false -> null
      ~ guest_accelerator         = [] -> (known after apply)
      ~ id                        = "projects/qwiklabs-gcp-00-be900804ba79/zones/us-east1-d/instances/tf-instance-1" -> (known after apply)
      ~ instance_id               = "8200377324693901409" -> (known after apply)
      ~ label_fingerprint         = "42WmSpB8rSM=" -> (known after apply)
      - labels                    = {} -> null
      ~ machine_type              = "e2-micro" -> "n2-standard-2"
      - metadata                  = {} -> null
      ~ metadata_fingerprint      = "-akSSZXwugM=" -> (known after apply)
      + min_cpu_platform          = (known after apply)
        name                      = "tf-instance-1"
      ~ project                   = "qwiklabs-gcp-00-be900804ba79" -> (known after apply)
      ~ self_link                 = "https://www.googleapis.com/compute/v1/projects/qwiklabs-gcp-00-be900804ba79/zones/us-east1-d/instances/tf-instance-1" -> (known after apply)
      ~ tags                      = [
          + "bar",
          + "foo",
        ]
      ~ tags_fingerprint          = "42WmSpB8rSM=" -> (known after apply)
        # (4 unchanged attributes hidden)

      ~ boot_disk {
          ~ device_name                = "persistent-disk-0" -> (known after apply)
          + disk_encryption_key_sha256 = (known after apply)
          + kms_key_self_link          = (known after apply)
          ~ source                     = "https://www.googleapis.com/compute/v1/projects/qwiklabs-gcp-00-be900804ba79/zones/us-east1-d/disks/tf-instance-1" -> (known after apply)
            # (2 unchanged attributes hidden)

          ~ initialize_params {
              ~ image  = "https://www.googleapis.com/compute/v1/projects/debian-cloud/global/images/debian-11-bullseye-v20250415" -> "debian-cloud/debian-11"
              ~ labels = { # forces replacement
                  + "my_label" = "value"
                }
              ~ size   = 10 -> (known after apply)
              ~ type   = "pd-standard" -> (known after apply)
            }
        }

      ~ network_interface {
          ~ name               = "nic0" -> (known after apply)
          ~ network            = "https://www.googleapis.com/compute/v1/projects/qwiklabs-gcp-00-be900804ba79/global/networks/default" -> "default"
          ~ network_ip         = "10.142.0.2" -> (known after apply)
          ~ subnetwork         = "https://www.googleapis.com/compute/v1/projects/qwiklabs-gcp-00-be900804ba79/regions/us-east1/subnetworks/default" -> (known after apply)
          ~ subnetwork_project = "qwiklabs-gcp-00-be900804ba79" -> (known after apply)

          + access_config {
              + nat_ip       = (known after apply)
              + network_tier = (known after apply)
            }
        }

      - scheduling {
          - automatic_restart   = true -> null
          - on_host_maintenance = "MIGRATE" -> null
          - preemptible         = false -> null
        }

      - shielded_instance_config {
          - enable_integrity_monitoring = true -> null
          - enable_secure_boot          = false -> null
          - enable_vtpm                 = true -> null
        }

      - timeouts {}
    }

  # module.instances_module.google_compute_instance.gce_instances["tf-instance-2"] must be replaced
-/+ resource "google_compute_instance" "gce_instances" {
      + allow_stopping_for_update = true
      ~ cpu_platform              = "Intel Broadwell" -> (known after apply)
      - enable_display            = false -> null
      ~ guest_accelerator         = [] -> (known after apply)
      ~ id                        = "projects/qwiklabs-gcp-00-be900804ba79/zones/us-east1-d/instances/tf-instance-2" -> (known after apply)
      ~ instance_id               = "3890323706958598241" -> (known after apply)
      ~ label_fingerprint         = "42WmSpB8rSM=" -> (known after apply)
      - labels                    = {} -> null
      ~ machine_type              = "e2-micro" -> "n2-standard-2"
      - metadata                  = {} -> null
      ~ metadata_fingerprint      = "-akSSZXwugM=" -> (known after apply)
      + min_cpu_platform          = (known after apply)
        name                      = "tf-instance-2"
      ~ project                   = "qwiklabs-gcp-00-be900804ba79" -> (known after apply)
      ~ self_link                 = "https://www.googleapis.com/compute/v1/projects/qwiklabs-gcp-00-be900804ba79/zones/us-east1-d/instances/tf-instance-2" -> (known after apply)
      ~ tags                      = [
          + "bar",
          + "foo",
        ]
      ~ tags_fingerprint          = "42WmSpB8rSM=" -> (known after apply)
        # (4 unchanged attributes hidden)

      ~ boot_disk {
          ~ device_name                = "persistent-disk-0" -> (known after apply)
          + disk_encryption_key_sha256 = (known after apply)
          + kms_key_self_link          = (known after apply)
          ~ source                     = "https://www.googleapis.com/compute/v1/projects/qwiklabs-gcp-00-be900804ba79/zones/us-east1-d/disks/tf-instance-2" -> (known after apply)
            # (2 unchanged attributes hidden)

          ~ initialize_params {
              ~ image  = "https://www.googleapis.com/compute/v1/projects/debian-cloud/global/images/debian-11-bullseye-v20250415" -> "debian-cloud/debian-11"
              ~ labels = { # forces replacement
                  + "my_label" = "value"
                }
              ~ size   = 10 -> (known after apply)
              ~ type   = "pd-standard" -> (known after apply)
            }
        }

      ~ network_interface {
          ~ name               = "nic0" -> (known after apply)
          ~ network            = "https://www.googleapis.com/compute/v1/projects/qwiklabs-gcp-00-be900804ba79/global/networks/default" -> "default"
          ~ network_ip         = "10.142.0.3" -> (known after apply)
          ~ subnetwork         = "https://www.googleapis.com/compute/v1/projects/qwiklabs-gcp-00-be900804ba79/regions/us-east1/subnetworks/default" -> (known after apply)
          ~ subnetwork_project = "qwiklabs-gcp-00-be900804ba79" -> (known after apply)

          + access_config {
              + nat_ip       = (known after apply)
              + network_tier = (known after apply)
            }
        }

      - scheduling {
          - automatic_restart   = true -> null
          - on_host_maintenance = "MIGRATE" -> null
          - preemptible         = false -> null
        }

      - shielded_instance_config {
          - enable_integrity_monitoring = true -> null
          - enable_secure_boot          = false -> null
          - enable_vtpm                 = true -> null
        }

      - timeouts {}
    }

Plan: 2 to add, 0 to change, 2 to destroy.

student_03_76c6cf282a6d@cloudshell:~ (qwiklabs-gcp-04-a1f6b7f09d0c)$ cat main.tf 
terraform {
  required_providers {
    google = {
      source  = "hashicorp/google"
      version = "~> 4.0"
    }
  }

  backend "gcs" {
    bucket = "tf-bucket-183666"
    prefix = "terraform/state"
  }

}

provider "google" {
  project = var.project_id
  region  = var.region
  zone    = var.zone
}

module "instances_module" {
  source = "./modules/instances"

}

module "storage_module" {
  source = "./modules/storage"
}
student_03_76c6cf282a6d@cloudshell:~ (qwiklabs-gcp-04-a1f6b7f09d0c)$ terraform init

Initializing the backend...
Acquiring state lock. This may take a few moments...
Do you want to copy existing state to the new backend?
  Pre-existing state was found while migrating the previous "local" backend to the
  newly configured "gcs" backend. No existing state was found in the newly
  configured "gcs" backend. Do you want to copy this state to the new "gcs"
  backend? Enter "yes" to copy and "no" to start with an empty state.

  Enter a value: yes


Successfully configured the backend "gcs"! Terraform will automatically
use this backend unless the backend configuration changes.
Initializing modules...

Initializing provider plugins...
- Reusing previous version of hashicorp/google from the dependency lock file
- Using previously-installed hashicorp/google v4.85.0

Terraform has been successfully initialized!

You may now begin working with Terraform. Try running "terraform plan" to see
any changes that are required for your infrastructure. All Terraform commands
should now work.

If you ever set or change modules or backend configuration for Terraform,
rerun this command to reinitialize your working directory. If you forget, other
commands will detect it and remind you to do so if necessary.

Plan: 1 to add, 0 to change, 1 to destroy.

Do you want to perform these actions?
  Terraform will perform the actions described above.
  Only 'yes' will be accepted to approve.

  Enter a value: yes

module.instances_module.google_compute_instance.gce_instances["tf-instance-3"]: Destroying... [id=projects/qwiklabs-gcp-04-a1f6b7f09d0c/zones/us-east4-b/instances/tf-instance-3]
module.instances_module.google_compute_instance.gce_instances["tf-instance-173396"]: Creating...
module.instances_module.google_compute_instance.gce_instances["tf-instance-3"]: Still destroying... [id=projects/qwiklabs-gcp-04-a1f6b7f09d0c/zones/us-east4-b/instances/tf-instance-3, 10s elapsed]
module.instances_module.google_compute_instance.gce_instances["tf-instance-173396"]: Still creating... [10s elapsed]
module.instances_module.google_compute_instance.gce_instances["tf-instance-173396"]: Creation complete after 19s [id=projects/qwiklabs-gcp-04-a1f6b7f09d0c/zones/us-east4-b/instances/tf-instance-173396]
module.instances_module.google_compute_instance.gce_instances["tf-instance-3"]: Still destroying... [id=projects/qwiklabs-gcp-04-a1f6b7f09d0c/zones/us-east4-b/instances/tf-instance-3, 20s elapsed]
module.instances_module.google_compute_instance.gce_instances["tf-instance-3"]: Still destroying... [id=projects/qwiklabs-gcp-04-a1f6b7f09d0c/zones/us-east4-b/instances/tf-instance-3, 30s elapsed]
module.instances_module.google_compute_instance.gce_instances["tf-instance-3"]: Still destroying... [id=projects/qwiklabs-gcp-04-a1f6b7f09d0c/zones/us-east4-b/instances/tf-instance-3, 40s elapsed]
module.instances_module.google_compute_instance.gce_instances["tf-instance-3"]: Still destroying... [id=projects/qwiklabs-gcp-04-a1f6b7f09d0c/zones/us-east4-b/instances/tf-instance-3, 50s elapsed]
module.instances_module.google_compute_instance.gce_instances["tf-instance-3"]: Destruction complete after 58s
Releasing state lock. This may take a few moments...

Apply complete! Resources: 1 added, 0 changed, 1 destroyed.
student_03_76c6cf282a6d@cloudshell:~ (qwiklabs-gcp-04-a1f6b7f09d0c)$ nano modules/instances/instances.tf 
student_03_76c6cf282a6d@cloudshell:~ (qwiklabs-gcp-04-a1f6b7f09d0c)$ terraform init

Initializing the backend...
Initializing modules...

Initializing provider plugins...
- Reusing previous version of hashicorp/google from the dependency lock file
- Using previously-installed hashicorp/google v4.85.0

Terraform has been successfully initialized!

You may now begin working with Terraform. Try running "terraform plan" to see
any changes that are required for your infrastructure. All Terraform commands
should now work.

If you ever set or change modules or backend configuration for Terraform,
rerun this command to reinitialize your working directory. If you forget, other
commands will detect it and remind you to do so if necessary.


Plan: 0 to add, 0 to change, 1 to destroy.

Do you want to perform these actions?
  Terraform will perform the actions described above.
  Only 'yes' will be accepted to approve.

  Enter a value: yes

module.instances_module.google_compute_instance.gce_instances["tf-instance-173396"]: Destroying... [id=projects/qwiklabs-gcp-04-a1f6b7f09d0c/zones/us-east4-b/instances/tf-instance-173396]
module.instances_module.google_compute_instance.gce_instances["tf-instance-173396"]: Still destroying... [id=projects/qwiklabs-gcp-04-a1f6b7f09d0c/z...s-east4-b/instances/tf-instance-173396, 10s elapsed]
module.instances_module.google_compute_instance.gce_instances["tf-instance-173396"]: Still destroying... [id=projects/qwiklabs-gcp-04-a1f6b7f09d0c/z...s-east4-b/instances/tf-instance-173396, 20s elapsed]
module.instances_module.google_compute_instance.gce_instances["tf-instance-173396"]: Still destroying... [id=projects/qwiklabs-gcp-04-a1f6b7f09d0c/z...s-east4-b/instances/tf-instance-173396, 30s elapsed]
module.instances_module.google_compute_instance.gce_instances["tf-instance-173396"]: Still destroying... [id=projects/qwiklabs-gcp-04-a1f6b7f09d0c/z...s-east4-b/instances/tf-instance-173396, 40s elapsed]
module.instances_module.google_compute_instance.gce_instances["tf-instance-173396"]: Still destroying... [id=projects/qwiklabs-gcp-04-a1f6b7f09d0c/z...s-east4-b/instances/tf-instance-173396, 50s elapsed]
module.instances_module.google_compute_instance.gce_instances["tf-instance-173396"]: Destruction complete after 56s
Releasing state lock. This may take a few moments...

Apply complete! Resources: 0 added, 0 changed, 1 destroyed

student_03_76c6cf282a6d@cloudshell:~ (qwiklabs-gcp-04-a1f6b7f09d0c)$ terraform plan
Acquiring state lock. This may take a few moments...
module.storage_module.google_storage_bucket.static-site: Refreshing state... [id=tf-bucket-183666]
module.vpc.module.vpc.google_compute_network.network: Refreshing state... [id=projects/qwiklabs-gcp-04-a1f6b7f09d0c/global/networks/tf-vpc-826411]
module.vpc.module.subnets.google_compute_subnetwork.subnetwork["us-east4/subnet-01"]: Refreshing state... [id=projects/qwiklabs-gcp-04-a1f6b7f09d0c/regions/us-east4/subnetworks/subnet-01]
module.vpc.module.subnets.google_compute_subnetwork.subnetwork["us-east4/subnet-02"]: Refreshing state... [id=projects/qwiklabs-gcp-04-a1f6b7f09d0c/regions/us-east4/subnetworks/subnet-02]
module.instances_module.google_compute_instance.gce_instances["tf-instance-1"]: Refreshing state... [id=projects/qwiklabs-gcp-04-a1f6b7f09d0c/zones/us-east4-b/instances/tf-instance-1]
module.instances_module.google_compute_instance.gce_instances["tf-instance-2"]: Refreshing state... [id=projects/qwiklabs-gcp-04-a1f6b7f09d0c/zones/us-east4-b/instances/tf-instance-2]

Terraform used the selected providers to generate the following execution plan. Resource actions are indicated with the following symbols:
  ~ update in-place

Terraform will perform the following actions:

  # module.instances_module.google_compute_instance.gce_instances["tf-instance-1"] will be updated in-place
  ~ resource "google_compute_instance" "gce_instances" {
        id                        = "projects/qwiklabs-gcp-04-a1f6b7f09d0c/zones/us-east4-b/instances/tf-instance-1"
        name                      = "tf-instance-1"
        tags                      = [
            "bar",
            "foo",
        ]
        # (19 unchanged attributes hidden)

      ~ network_interface {
            name                        = "nic0"
          ~ network                     = "https://www.googleapis.com/compute/v1/projects/qwiklabs-gcp-04-a1f6b7f09d0c/global/networks/default" -> "tf-vpc-826411"
          ~ subnetwork                  = "https://www.googleapis.com/compute/v1/projects/qwiklabs-gcp-04-a1f6b7f09d0c/regions/us-east4/subnetworks/default" -> "https://www.googleapis.com/compute/v1/projects/qwiklabs-gcp-04-a1f6b7f09d0c/regions/us-east4/subnetworks/subnet-01"
            # (5 unchanged attributes hidden)

            # (1 unchanged block hidden)
        }

        # (3 unchanged blocks hidden)
    }

  # module.instances_module.google_compute_instance.gce_instances["tf-instance-2"] will be updated in-place
  ~ resource "google_compute_instance" "gce_instances" {
        id                        = "projects/qwiklabs-gcp-04-a1f6b7f09d0c/zones/us-east4-b/instances/tf-instance-2"
        name                      = "tf-instance-2"
        tags                      = [
            "bar",
            "foo",
        ]
        # (19 unchanged attributes hidden)

      ~ network_interface {
            name                        = "nic0"
          ~ network                     = "https://www.googleapis.com/compute/v1/projects/qwiklabs-gcp-04-a1f6b7f09d0c/global/networks/default" -> "tf-vpc-826411"
          ~ subnetwork                  = "https://www.googleapis.com/compute/v1/projects/qwiklabs-gcp-04-a1f6b7f09d0c/regions/us-east4/subnetworks/default" -> "https://www.googleapis.com/compute/v1/projects/qwiklabs-gcp-04-a1f6b7f09d0c/regions/us-east4/subnetworks/subnet-02"
            # (5 unchanged attributes hidden)

            # (1 unchanged block hidden)
        }

        # (3 unchanged blocks hidden)
    }

Plan: 0 to add, 2 to change, 0 to destroy.

─────────────────────────────────────────────────────────────────────────────────────────────────────────────────────────────────────────────────────────────────────────────────────────────────────────────────────

Note: You didn't use the -out option to save this plan, so Terraform can't guarantee to take exactly these actions if you run "terraform apply" now.
student_03_76c6cf282a6d@cloudshell:~ (qwiklabs-gcp-04-a1f6b7f09d0c)$ 